
Microsoft Visual Studio Solution File, Format Version 12.00
# Visual Studio Version 16
VisualStudioVersion = 16.0.33214.272
MinimumVisualStudioVersion = 10.0.40219.1
Project("{FAE04EC0-301F-11D3-BF4B-00C04F79EFBC}") = "lab4", "lab4\lab4.csproj", "{0B9D7D1C-C4FB-488A-AABF-476A8AC6EFC2}"
EndProject
Project("{FAE04EC0-301F-11D3-BF4B-00C04F79EFBC}") = "lab2server", "lab2server\lab2server.csproj", "{62400715-E9AD-4ECA-8E09-C8C2136D353F}"
EndProject
Project("{FAE04EC0-301F-11D3-BF4B-00C04F79EFBC}") = "lab2", "lab2\lab2.csproj", "{ED9CB669-DCC9-4C07-88C1-24997E664CC5}"
EndProject
Global
	GlobalSection(SolutionConfigurationPlatforms) = preSolution
		Debug|Any CPU = Debug|Any CPU
		Release|Any CPU = Release|Any CPU
	EndGlobalSection
	GlobalSection(ProjectConfigurationPlatforms) = postSolution
		{0B9D7D1C-C4FB-488A-AABF-476A8AC6EFC2}.Debug|Any CPU.ActiveCfg = Debug|Any CPU
		{0B9D7D1C-C4FB-488A-AABF-476A8AC6EFC2}.Debug|Any CPU.Build.0 = Debug|Any CPU
		{0B9D7D1C-C4FB-488A-AABF-476A8AC6EFC2}.Release|Any CPU.ActiveCfg = Release|Any CPU
		{0B9D7D1C-C4FB-488A-AABF-476A8AC6EFC2}.Release|Any CPU.Build.0 = Release|Any CPU
		{62400715-E9AD-4ECA-8E09-C8C2136D353F}.Debug|Any CPU.ActiveCfg = Debug|Any CPU
		{62400715-E9AD-4ECA-8E09-C8C2136D353F}.Debug|Any CPU.Build.0 = Debug|Any CPU
		{62400715-E9AD-4ECA-8E09-C8C2136D353F}.Release|Any CPU.ActiveCfg = Release|Any CPU
		{62400715-E9AD-4ECA-8E09-C8C2136D353F}.Release|Any CPU.Build.0 = Release|Any CPU
		{ED9CB669-DCC9-4C07-88C1-24997E664CC5}.Debug|Any CPU.ActiveCfg = Debug|Any CPU
		{ED9CB669-DCC9-4C07-88C1-24997E664CC5}.Debug|Any CPU.Build.0 = Debug|Any CPU
		{ED9CB669-DCC9-4C07-88C1-24997E664CC5}.Release|Any CPU.ActiveCfg = Release|Any CPU
		{ED9CB669-DCC9-4C07-88C1-24997E664CC5}.Release|Any CPU.Build.0 = Release|Any CPU
	EndGlobalSection
	GlobalSection(SolutionProperties) = preSolution
		HideSolutionNode = FALSE
	EndGlobalSection
	GlobalSection(ExtensibilityGlobals) = postSolution
		SolutionGuid = {D7560D5D-55A8-4132-AD8C-F346E83F5961}
	EndGlobalSection
EndGlobal
